
Microsoft Visual Studio Solution File, Format Version 11.00
# Visual Studio 2010
Project("{FAE04EC0-301F-11D3-BF4B-00C04F79EFBC}") = "MmmBurrito", "Assembly-CSharp.csproj", "{AD6A2170-97CC-6D23-543C-DFB076376D37}"
EndProject
Global
	GlobalSection(SolutionConfigurationPlatforms) = preSolution
		Debug|Any CPU = Debug|Any CPU
		Release|Any CPU = Release|Any CPU
	EndGlobalSection
	GlobalSection(ProjectConfigurationPlatforms) = postSolution
		{AD6A2170-97CC-6D23-543C-DFB076376D37}.Debug|Any CPU.ActiveCfg = Debug|Any CPU
		{AD6A2170-97CC-6D23-543C-DFB076376D37}.Debug|Any CPU.Build.0 = Debug|Any CPU
		{AD6A2170-97CC-6D23-543C-DFB076376D37}.Release|Any CPU.ActiveCfg = Release|Any CPU
		{AD6A2170-97CC-6D23-543C-DFB076376D37}.Release|Any CPU.Build.0 = Release|Any CPU
	EndGlobalSection
	GlobalSection(SolutionProperties) = preSolution
		HideSolutionNode = FALSE
	EndGlobalSection
	GlobalSection(MonoDevelopProperties) = preSolution
		StartupItem = Assembly-CSharp.csproj
	EndGlobalSection
EndGlobal
