
Microsoft Visual Studio Solution File, Format Version 12.00
# Visual Studio 2017
Project("{FAE04EC0-301F-11D3-BF4B-00C04F79EFBC}") = "MmmBurrito", "MmmBurrito.csproj", "{C48A86C2-08E4-024A-3753-0BC7309527EF}"
EndProject
Project("{FAE04EC0-301F-11D3-BF4B-00C04F79EFBC}") = "MmmBurrito.Editor", "MmmBurrito.Editor.csproj", "{661EC12D-8C4B-5FE8-3177-0AE912DD64F4}"
EndProject
Global
	GlobalSection(SolutionConfigurationPlatforms) = preSolution
		Debug|Any CPU = Debug|Any CPU
		Release|Any CPU = Release|Any CPU
	EndGlobalSection
	GlobalSection(ProjectConfigurationPlatforms) = postSolution
		{C48A86C2-08E4-024A-3753-0BC7309527EF}.Debug|Any CPU.ActiveCfg = Debug|Any CPU
		{C48A86C2-08E4-024A-3753-0BC7309527EF}.Debug|Any CPU.Build.0 = Debug|Any CPU
		{C48A86C2-08E4-024A-3753-0BC7309527EF}.Release|Any CPU.ActiveCfg = Release|Any CPU
		{C48A86C2-08E4-024A-3753-0BC7309527EF}.Release|Any CPU.Build.0 = Release|Any CPU
		{661EC12D-8C4B-5FE8-3177-0AE912DD64F4}.Debug|Any CPU.ActiveCfg = Debug|Any CPU
		{661EC12D-8C4B-5FE8-3177-0AE912DD64F4}.Debug|Any CPU.Build.0 = Debug|Any CPU
		{661EC12D-8C4B-5FE8-3177-0AE912DD64F4}.Release|Any CPU.ActiveCfg = Release|Any CPU
		{661EC12D-8C4B-5FE8-3177-0AE912DD64F4}.Release|Any CPU.Build.0 = Release|Any CPU
	EndGlobalSection
	GlobalSection(SolutionProperties) = preSolution
		HideSolutionNode = FALSE
	EndGlobalSection
EndGlobal
